
Microsoft Visual Studio Solution File, Format Version 12.00
# Visual Studio Version 17
VisualStudioVersion = 17.6.33815.320
MinimumVisualStudioVersion = 10.0.40219.1
Project("{FAE04EC0-301F-11D3-BF4B-00C04F79EFBC}") = "CPKPApi", "CPKPApi\CPKPApi.csproj", "{3899F767-0510-4A95-8D97-E525D33C875E}"
EndProject
Project("{FAE04EC0-301F-11D3-BF4B-00C04F79EFBC}") = "CPKPDL", "CPKPDL\CPKPDL.csproj", "{72261571-3FBF-461E-814E-AE7E1D1A75CD}"
EndProject
Project("{FAE04EC0-301F-11D3-BF4B-00C04F79EFBC}") = "CPKPBL", "CPKPBL\CPKPBL.csproj", "{4706C1F4-899D-48D9-B47B-873493814969}"
EndProject
Project("{FAE04EC0-301F-11D3-BF4B-00C04F79EFBC}") = "CPKPModels", "CPKPModels\CPKPModels.csproj", "{A0F3E9BC-600A-4C85-B86B-8BCCE33FD665}"
EndProject
Global
	GlobalSection(SolutionConfigurationPlatforms) = preSolution
		Debug|Any CPU = Debug|Any CPU
		Release|Any CPU = Release|Any CPU
	EndGlobalSection
	GlobalSection(ProjectConfigurationPlatforms) = postSolution
		{3899F767-0510-4A95-8D97-E525D33C875E}.Debug|Any CPU.ActiveCfg = Debug|Any CPU
		{3899F767-0510-4A95-8D97-E525D33C875E}.Debug|Any CPU.Build.0 = Debug|Any CPU
		{3899F767-0510-4A95-8D97-E525D33C875E}.Release|Any CPU.ActiveCfg = Release|Any CPU
		{3899F767-0510-4A95-8D97-E525D33C875E}.Release|Any CPU.Build.0 = Release|Any CPU
		{72261571-3FBF-461E-814E-AE7E1D1A75CD}.Debug|Any CPU.ActiveCfg = Debug|Any CPU
		{72261571-3FBF-461E-814E-AE7E1D1A75CD}.Debug|Any CPU.Build.0 = Debug|Any CPU
		{72261571-3FBF-461E-814E-AE7E1D1A75CD}.Release|Any CPU.ActiveCfg = Release|Any CPU
		{72261571-3FBF-461E-814E-AE7E1D1A75CD}.Release|Any CPU.Build.0 = Release|Any CPU
		{4706C1F4-899D-48D9-B47B-873493814969}.Debug|Any CPU.ActiveCfg = Debug|Any CPU
		{4706C1F4-899D-48D9-B47B-873493814969}.Debug|Any CPU.Build.0 = Debug|Any CPU
		{4706C1F4-899D-48D9-B47B-873493814969}.Release|Any CPU.ActiveCfg = Release|Any CPU
		{4706C1F4-899D-48D9-B47B-873493814969}.Release|Any CPU.Build.0 = Release|Any CPU
		{A0F3E9BC-600A-4C85-B86B-8BCCE33FD665}.Debug|Any CPU.ActiveCfg = Debug|Any CPU
		{A0F3E9BC-600A-4C85-B86B-8BCCE33FD665}.Debug|Any CPU.Build.0 = Debug|Any CPU
		{A0F3E9BC-600A-4C85-B86B-8BCCE33FD665}.Release|Any CPU.ActiveCfg = Release|Any CPU
		{A0F3E9BC-600A-4C85-B86B-8BCCE33FD665}.Release|Any CPU.Build.0 = Release|Any CPU
	EndGlobalSection
	GlobalSection(SolutionProperties) = preSolution
		HideSolutionNode = FALSE
	EndGlobalSection
	GlobalSection(ExtensibilityGlobals) = postSolution
		SolutionGuid = {37416784-5E92-49DF-AA51-79AA274AB289}
	EndGlobalSection
EndGlobal
